
Microsoft Visual Studio Solution File, Format Version 12.00
# Visual Studio Version 16
VisualStudioVersion = 16.0.31911.196
MinimumVisualStudioVersion = 10.0.40219.1
Project("{FAE04EC0-301F-11D3-BF4B-00C04F79EFBC}") = "security and fire system", "security and fire system.csproj", "{B7006FAA-513E-42D2-BF3D-A8F8E0A1AFBE}"
EndProject
Global
	GlobalSection(SolutionConfigurationPlatforms) = preSolution
		Debug|Any CPU = Debug|Any CPU
		Release|Any CPU = Release|Any CPU
	EndGlobalSection
	GlobalSection(ProjectConfigurationPlatforms) = postSolution
		{B7006FAA-513E-42D2-BF3D-A8F8E0A1AFBE}.Debug|Any CPU.ActiveCfg = Debug|Any CPU
		{B7006FAA-513E-42D2-BF3D-A8F8E0A1AFBE}.Debug|Any CPU.Build.0 = Debug|Any CPU
		{B7006FAA-513E-42D2-BF3D-A8F8E0A1AFBE}.Release|Any CPU.ActiveCfg = Release|Any CPU
		{B7006FAA-513E-42D2-BF3D-A8F8E0A1AFBE}.Release|Any CPU.Build.0 = Release|Any CPU
	EndGlobalSection
	GlobalSection(SolutionProperties) = preSolution
		HideSolutionNode = FALSE
	EndGlobalSection
	GlobalSection(ExtensibilityGlobals) = postSolution
		SolutionGuid = {2CFBABAA-9022-4318-9601-FF1DE99D0697}
	EndGlobalSection
EndGlobal
